
Microsoft Visual Studio Solution File, Format Version 12.00
# Visual Studio Version 17
VisualStudioVersion = 17.7.34031.279
MinimumVisualStudioVersion = 10.0.40219.1
Project("{2150E333-8FDC-42A3-9474-1A3956D46DE8}") = "00-Doc", "00-Doc", "{C7238223-A9C8-4661-814F-0E71E6E5F31F}"
EndProject
Project("{2150E333-8FDC-42A3-9474-1A3956D46DE8}") = "10-Core", "10-Core", "{99E42A5F-074F-4017-BE8E-891EF1BD6640}"
EndProject
Project("{9A19103F-16F7-4668-BE54-9A1E7A4F7556}") = "Dance", "..\..\Dance\Dance\Dance\Dance.csproj", "{24C6DBFB-FA5D-4EB8-84C4-911FCAD35476}"
EndProject
Project("{9A19103F-16F7-4668-BE54-9A1E7A4F7556}") = "Dance.Wpf", "..\..\Dance\Dance\Dance.Wpf\Dance.Wpf.csproj", "{8D157601-53DC-4CCB-BF50-97FC155CEA2A}"
EndProject
Project("{2150E333-8FDC-42A3-9474-1A3956D46DE8}") = "20-Common", "20-Common", "{42037A55-A53A-4076-8017-F50C2B98C409}"
EndProject
Project("{9A19103F-16F7-4668-BE54-9A1E7A4F7556}") = "Dance.Common", "..\..\Dance\Dance\Dance.Common\Dance.Common.csproj", "{327CFBF9-8E16-421B-955F-162E66D2D79E}"
EndProject
Project("{2150E333-8FDC-42A3-9474-1A3956D46DE8}") = "60-Module", "60-Module", "{CE1F2F64-885B-49A6-A5C7-E2AE19E720DE}"
EndProject
Project("{2150E333-8FDC-42A3-9474-1A3956D46DE8}") = "80-Client", "80-Client", "{780C19A3-CF57-4D55-A9B1-B5842471A3D0}"
EndProject
Project("{2150E333-8FDC-42A3-9474-1A3956D46DE8}") = "90-Test", "90-Test", "{BFB6662A-0B9F-4AFC-B20E-FACA5F228BB7}"
EndProject
Project("{2150E333-8FDC-42A3-9474-1A3956D46DE8}") = "40-Storage", "40-Storage", "{754A9B95-229B-47A4-B74A-4F4179D27946}"
EndProject
Project("{2150E333-8FDC-42A3-9474-1A3956D46DE8}") = "70-Plugin", "70-Plugin", "{ECFDB010-B5BB-4833-942A-A20F4CD27259}"
EndProject
Project("{9A19103F-16F7-4668-BE54-9A1E7A4F7556}") = "Dance.Art.Module", "Dance.Art.Module\Dance.Art.Module.csproj", "{26AC15DF-1E19-40F5-835F-6C410FB3B431}"
EndProject
Project("{9A19103F-16F7-4668-BE54-9A1E7A4F7556}") = "Dance.Art", "Dance.Art\Dance.Art.csproj", "{7B2F9EAE-4D44-4277-B742-51A307BB7459}"
EndProject
Project("{2150E333-8FDC-42A3-9474-1A3956D46DE8}") = "50-Domain", "50-Domain", "{F823504D-205A-4046-8C1C-C579CD4C07CE}"
EndProject
Project("{9A19103F-16F7-4668-BE54-9A1E7A4F7556}") = "Dance.Art.Storage", "Dance.Art.Storage\Dance.Art.Storage.csproj", "{80F256AC-8F90-4814-94A5-24A34AAA8E5B}"
EndProject
Project("{9A19103F-16F7-4668-BE54-9A1E7A4F7556}") = "Dance.Art.Domain", "Dance.Art.Domain\Dance.Art.Domain.csproj", "{E6A9697A-354C-4F94-B084-593CC17E9432}"
EndProject
Project("{9A19103F-16F7-4668-BE54-9A1E7A4F7556}") = "Dance.Art.Template", "Dance.Art.Template\Dance.Art.Template.csproj", "{F7B440BC-78EF-44F6-8653-4748604163A5}"
EndProject
Project("{9A19103F-16F7-4668-BE54-9A1E7A4F7556}") = "Dance.Art.Script", "Dance.Art.Script\Dance.Art.Script.csproj", "{65DEF3E1-28AC-46DF-ADD6-6DA006EF4218}"
EndProject
Project("{9A19103F-16F7-4668-BE54-9A1E7A4F7556}") = "Dance.Art.Connection", "Dance.Art.Connection\Dance.Art.Connection.csproj", "{6F4B0F14-ACAC-4324-92F5-373625DF706F}"
EndProject
Project("{9A19103F-16F7-4668-BE54-9A1E7A4F7556}") = "Dance.Art.Document", "Dance.Art.Document\Dance.Art.Document.csproj", "{42B896B1-B568-4EC1-B5BC-6A8258165038}"
EndProject
Project("{FAE04EC0-301F-11D3-BF4B-00C04F79EFBC}") = "Dance.Art.Panel", "Dance.Art.Panel\Dance.Art.Panel.csproj", "{4A09EC29-DD36-44B7-BC6B-2278DD575FE7}"
EndProject
Global
	GlobalSection(SolutionConfigurationPlatforms) = preSolution
		Debug|Any CPU = Debug|Any CPU
		Release|Any CPU = Release|Any CPU
	EndGlobalSection
	GlobalSection(ProjectConfigurationPlatforms) = postSolution
		{24C6DBFB-FA5D-4EB8-84C4-911FCAD35476}.Debug|Any CPU.ActiveCfg = Debug|Any CPU
		{24C6DBFB-FA5D-4EB8-84C4-911FCAD35476}.Debug|Any CPU.Build.0 = Debug|Any CPU
		{24C6DBFB-FA5D-4EB8-84C4-911FCAD35476}.Release|Any CPU.ActiveCfg = Release|Any CPU
		{24C6DBFB-FA5D-4EB8-84C4-911FCAD35476}.Release|Any CPU.Build.0 = Release|Any CPU
		{8D157601-53DC-4CCB-BF50-97FC155CEA2A}.Debug|Any CPU.ActiveCfg = Debug|Any CPU
		{8D157601-53DC-4CCB-BF50-97FC155CEA2A}.Debug|Any CPU.Build.0 = Debug|Any CPU
		{8D157601-53DC-4CCB-BF50-97FC155CEA2A}.Release|Any CPU.ActiveCfg = Release|Any CPU
		{8D157601-53DC-4CCB-BF50-97FC155CEA2A}.Release|Any CPU.Build.0 = Release|Any CPU
		{327CFBF9-8E16-421B-955F-162E66D2D79E}.Debug|Any CPU.ActiveCfg = Debug|Any CPU
		{327CFBF9-8E16-421B-955F-162E66D2D79E}.Debug|Any CPU.Build.0 = Debug|Any CPU
		{327CFBF9-8E16-421B-955F-162E66D2D79E}.Release|Any CPU.ActiveCfg = Release|Any CPU
		{327CFBF9-8E16-421B-955F-162E66D2D79E}.Release|Any CPU.Build.0 = Release|Any CPU
		{26AC15DF-1E19-40F5-835F-6C410FB3B431}.Debug|Any CPU.ActiveCfg = Debug|Any CPU
		{26AC15DF-1E19-40F5-835F-6C410FB3B431}.Debug|Any CPU.Build.0 = Debug|Any CPU
		{26AC15DF-1E19-40F5-835F-6C410FB3B431}.Release|Any CPU.ActiveCfg = Release|Any CPU
		{26AC15DF-1E19-40F5-835F-6C410FB3B431}.Release|Any CPU.Build.0 = Release|Any CPU
		{7B2F9EAE-4D44-4277-B742-51A307BB7459}.Debug|Any CPU.ActiveCfg = Debug|Any CPU
		{7B2F9EAE-4D44-4277-B742-51A307BB7459}.Debug|Any CPU.Build.0 = Debug|Any CPU
		{7B2F9EAE-4D44-4277-B742-51A307BB7459}.Release|Any CPU.ActiveCfg = Release|Any CPU
		{7B2F9EAE-4D44-4277-B742-51A307BB7459}.Release|Any CPU.Build.0 = Release|Any CPU
		{80F256AC-8F90-4814-94A5-24A34AAA8E5B}.Debug|Any CPU.ActiveCfg = Debug|Any CPU
		{80F256AC-8F90-4814-94A5-24A34AAA8E5B}.Debug|Any CPU.Build.0 = Debug|Any CPU
		{80F256AC-8F90-4814-94A5-24A34AAA8E5B}.Release|Any CPU.ActiveCfg = Release|Any CPU
		{80F256AC-8F90-4814-94A5-24A34AAA8E5B}.Release|Any CPU.Build.0 = Release|Any CPU
		{E6A9697A-354C-4F94-B084-593CC17E9432}.Debug|Any CPU.ActiveCfg = Debug|Any CPU
		{E6A9697A-354C-4F94-B084-593CC17E9432}.Debug|Any CPU.Build.0 = Debug|Any CPU
		{E6A9697A-354C-4F94-B084-593CC17E9432}.Release|Any CPU.ActiveCfg = Release|Any CPU
		{E6A9697A-354C-4F94-B084-593CC17E9432}.Release|Any CPU.Build.0 = Release|Any CPU
		{F7B440BC-78EF-44F6-8653-4748604163A5}.Debug|Any CPU.ActiveCfg = Debug|Any CPU
		{F7B440BC-78EF-44F6-8653-4748604163A5}.Debug|Any CPU.Build.0 = Debug|Any CPU
		{F7B440BC-78EF-44F6-8653-4748604163A5}.Release|Any CPU.ActiveCfg = Release|Any CPU
		{F7B440BC-78EF-44F6-8653-4748604163A5}.Release|Any CPU.Build.0 = Release|Any CPU
		{65DEF3E1-28AC-46DF-ADD6-6DA006EF4218}.Debug|Any CPU.ActiveCfg = Debug|Any CPU
		{65DEF3E1-28AC-46DF-ADD6-6DA006EF4218}.Debug|Any CPU.Build.0 = Debug|Any CPU
		{65DEF3E1-28AC-46DF-ADD6-6DA006EF4218}.Release|Any CPU.ActiveCfg = Release|Any CPU
		{65DEF3E1-28AC-46DF-ADD6-6DA006EF4218}.Release|Any CPU.Build.0 = Release|Any CPU
		{6F4B0F14-ACAC-4324-92F5-373625DF706F}.Debug|Any CPU.ActiveCfg = Debug|Any CPU
		{6F4B0F14-ACAC-4324-92F5-373625DF706F}.Debug|Any CPU.Build.0 = Debug|Any CPU
		{6F4B0F14-ACAC-4324-92F5-373625DF706F}.Release|Any CPU.ActiveCfg = Release|Any CPU
		{6F4B0F14-ACAC-4324-92F5-373625DF706F}.Release|Any CPU.Build.0 = Release|Any CPU
		{42B896B1-B568-4EC1-B5BC-6A8258165038}.Debug|Any CPU.ActiveCfg = Debug|Any CPU
		{42B896B1-B568-4EC1-B5BC-6A8258165038}.Debug|Any CPU.Build.0 = Debug|Any CPU
		{42B896B1-B568-4EC1-B5BC-6A8258165038}.Release|Any CPU.ActiveCfg = Release|Any CPU
		{42B896B1-B568-4EC1-B5BC-6A8258165038}.Release|Any CPU.Build.0 = Release|Any CPU
		{4A09EC29-DD36-44B7-BC6B-2278DD575FE7}.Debug|Any CPU.ActiveCfg = Debug|Any CPU
		{4A09EC29-DD36-44B7-BC6B-2278DD575FE7}.Debug|Any CPU.Build.0 = Debug|Any CPU
		{4A09EC29-DD36-44B7-BC6B-2278DD575FE7}.Release|Any CPU.ActiveCfg = Release|Any CPU
		{4A09EC29-DD36-44B7-BC6B-2278DD575FE7}.Release|Any CPU.Build.0 = Release|Any CPU
	EndGlobalSection
	GlobalSection(SolutionProperties) = preSolution
		HideSolutionNode = FALSE
	EndGlobalSection
	GlobalSection(NestedProjects) = preSolution
		{24C6DBFB-FA5D-4EB8-84C4-911FCAD35476} = {99E42A5F-074F-4017-BE8E-891EF1BD6640}
		{8D157601-53DC-4CCB-BF50-97FC155CEA2A} = {99E42A5F-074F-4017-BE8E-891EF1BD6640}
		{327CFBF9-8E16-421B-955F-162E66D2D79E} = {42037A55-A53A-4076-8017-F50C2B98C409}
		{26AC15DF-1E19-40F5-835F-6C410FB3B431} = {CE1F2F64-885B-49A6-A5C7-E2AE19E720DE}
		{7B2F9EAE-4D44-4277-B742-51A307BB7459} = {780C19A3-CF57-4D55-A9B1-B5842471A3D0}
		{80F256AC-8F90-4814-94A5-24A34AAA8E5B} = {754A9B95-229B-47A4-B74A-4F4179D27946}
		{E6A9697A-354C-4F94-B084-593CC17E9432} = {F823504D-205A-4046-8C1C-C579CD4C07CE}
		{F7B440BC-78EF-44F6-8653-4748604163A5} = {ECFDB010-B5BB-4833-942A-A20F4CD27259}
		{65DEF3E1-28AC-46DF-ADD6-6DA006EF4218} = {ECFDB010-B5BB-4833-942A-A20F4CD27259}
		{6F4B0F14-ACAC-4324-92F5-373625DF706F} = {ECFDB010-B5BB-4833-942A-A20F4CD27259}
		{42B896B1-B568-4EC1-B5BC-6A8258165038} = {ECFDB010-B5BB-4833-942A-A20F4CD27259}
		{4A09EC29-DD36-44B7-BC6B-2278DD575FE7} = {ECFDB010-B5BB-4833-942A-A20F4CD27259}
	EndGlobalSection
	GlobalSection(ExtensibilityGlobals) = postSolution
		SolutionGuid = {924F5453-D98B-4C15-9FBA-9141CEE70FE3}
	EndGlobalSection
EndGlobal
